
Microsoft Visual Studio Solution File, Format Version 12.00
# Visual Studio 15
VisualStudioVersion = 15.0.27703.2035
MinimumVisualStudioVersion = 10.0.40219.1
Project("{FAE04EC0-301F-11D3-BF4B-00C04F79EFBC}") = "SpeechToText", "SpeechToText\SpeechToText.csproj", "{138EC774-4C09-44A1-95B7-9ED76EC2550C}"
EndProject
Global
	GlobalSection(SolutionConfigurationPlatforms) = preSolution
		Debug|Any CPU = Debug|Any CPU
		Release|Any CPU = Release|Any CPU
	EndGlobalSection
	GlobalSection(ProjectConfigurationPlatforms) = postSolution
		{138EC774-4C09-44A1-95B7-9ED76EC2550C}.Debug|Any CPU.ActiveCfg = Debug|Any CPU
		{138EC774-4C09-44A1-95B7-9ED76EC2550C}.Debug|Any CPU.Build.0 = Debug|Any CPU
		{138EC774-4C09-44A1-95B7-9ED76EC2550C}.Release|Any CPU.ActiveCfg = Release|Any CPU
		{138EC774-4C09-44A1-95B7-9ED76EC2550C}.Release|Any CPU.Build.0 = Release|Any CPU
	EndGlobalSection
	GlobalSection(SolutionProperties) = preSolution
		HideSolutionNode = FALSE
	EndGlobalSection
	GlobalSection(ExtensibilityGlobals) = postSolution
		SolutionGuid = {46E5051D-6C9E-4F07-B5AF-1DE77BDBE260}
	EndGlobalSection
EndGlobal
